<?xml version="1.0" encoding="utf-8"?>
<Project ToolsVersion="4.0" xmlns="http://schemas.microsoft.com/developer/msbuild/2003">
  <ItemGroup>
    <ClCompile Include="archivers\Archiver.cpp" />
    <ClCompile Include="archivers\ConfigArchiver.cpp" />
    <ClCompile Include="archivers\LODArchiver.cpp" />
    <ClCompile Include="archivers\SimpleArchiver.cpp" />
    <ClCompile Include="Config.cpp" />
    <ClCompile Include="ConfigParserCSV.cpp" />
    <ClCompile Include="Genome.cpp" />
    <ClCompile Include="grids\DefaultGrid.cpp" />
    <ClCompile Include="grids\Grid.cpp" />
    <ClCompile Include="grids\SpatialGrid.cpp" />
    <ClCompile Include="Group.cpp" />
    <ClCompile Include="main.cpp" />
    <ClCompile Include="Organism.cpp" />
    <ClCompile Include="payoffcalculators\DefaultPayoffCalculator.cpp" />
    <ClCompile Include="payoffcalculators\PayOffCalculator.cpp" />
    <ClCompile Include="World.cpp" />
    <ClCompile Include="mutators\Mutator.cpp" />
    <ClCompile Include="mutators\RandomMutator.cpp" />
    <ClCompile Include="mutators\ThresholdMutator.cpp" />
    <ClCompile Include="repopulators\ProportionateRepopulator.cpp" />
    <ClCompile Include="repopulators\RandomRepopulator.cpp" />
    <ClCompile Include="repopulators\Repopulator.cpp" />
    <ClCompile Include="repopulators\SpatialRepopulator.cpp" />
    <ClCompile Include="selectors\EliteSelector.cpp" />
    <ClCompile Include="selectors\RandomSelector.cpp" />
    <ClCompile Include="selectors\Selector.cpp" />
    <ClCompile Include="LOD.cpp" />
  </ItemGroup>
  <ItemGroup>
    <ClInclude Include="archivers\Archiver.h" />
    <ClInclude Include="archivers\ConfigArchiver.h" />
    <ClInclude Include="archivers\LODArchiver.h" />
    <ClInclude Include="archivers\SimpleArchiver.h" />
    <ClInclude Include="Config.h" />
    <ClInclude Include="ConfigParserCSV.h" />
    <ClInclude Include="Configurable.h" />
    <ClInclude Include="Genome.h" />
    <ClInclude Include="grids\DefaultGrid.h" />
    <ClInclude Include="grids\Grid.h" />
    <ClInclude Include="grids\SpatialGrid.h" />
    <ClInclude Include="Group.h" />
    <ClInclude Include="Organism.h" />
    <ClInclude Include="payoffcalculators\DefaultPayoffCalculator.h" />
    <ClInclude Include="payoffcalculators\PayOffCalculator.h" />
    <ClInclude Include="random.h" />
    <ClInclude Include="World.h" />
    <ClInclude Include="mutators\Mutator.h" />
    <ClInclude Include="mutators\RandomMutator.h" />
    <ClInclude Include="mutators\ThresholdMutator.h" />
    <ClInclude Include="repopulators\ProportionateRepopulator.h" />
    <ClInclude Include="repopulators\RandomRepopulator.h" />
    <ClInclude Include="repopulators\Repopulator.h" />
    <ClInclude Include="repopulators\SpatialRepopulator.h" />
    <ClInclude Include="selectors\EliteSelector.h" />
    <ClInclude Include="selectors\RandomSelector.h" />
    <ClInclude Include="selectors\Selector.h" />
    <ClInclude Include="LOD.h" />
  </ItemGroup>
</Project>