<?xml version="1.0" encoding="utf-8"?>
<Project ToolsVersion="4.0" xmlns="http://schemas.microsoft.com/developer/msbuild/2003">
  <ItemGroup>
    <ClCompile Include="archivers\Archiver.cpp" />
    <ClCompile Include="archivers\ConfigArchiver.cpp" />
    <ClCompile Include="archivers\LODArchiver.cpp" />
    <ClCompile Include="archivers\SimpleArchiver.cpp" />
    <ClCompile Include="Config.cpp" />
    <ClCompile Include="ConfigParserCSV.cpp" />
    <ClCompile Include="Genome.cpp" />
    <ClCompile Include="grids\DefaultGrid.cpp" />
    <ClCompile Include="grids\Grid.cpp" />
    <ClCompile Include="grids\SpatialGrid.cpp" />
    <ClCompile Include="Group.cpp" />
    <ClCompile Include="main.cpp" />
    <ClCompile Include="optimizer\LOD.cpp" />
    <ClCompile Include="optimizer\mutators\Mutator.cpp" />
    <ClCompile Include="optimizer\mutators\RandomMutator.cpp" />
    <ClCompile Include="optimizer\mutators\ThresholdMutator.cpp" />
    <ClCompile Include="optimizer\Optimizer.cpp" />
    <ClCompile Include="optimizer\repopulators\ProportionateRepopulator.cpp" />
    <ClCompile Include="optimizer\repopulators\RandomRepopulator.cpp" />
    <ClCompile Include="optimizer\repopulators\Repopulator.cpp" />
    <ClCompile Include="optimizer\repopulators\SpatialRepopulator.cpp" />
    <ClCompile Include="optimizer\selectors\EliteSelector.cpp" />
    <ClCompile Include="optimizer\selectors\RandomSelector.cpp" />
    <ClCompile Include="optimizer\selectors\Selector.cpp" />
    <ClCompile Include="Organism.cpp" />
    <ClCompile Include="payoffcalculators\DefaultPayoffCalculator.cpp" />
    <ClCompile Include="payoffcalculators\PayOffCalculator.cpp" />
    <ClCompile Include="World.cpp" />
  </ItemGroup>
  <ItemGroup>
    <ClInclude Include="archivers\Archiver.h" />
    <ClInclude Include="archivers\ConfigArchiver.h" />
    <ClInclude Include="archivers\LODArchiver.h" />
    <ClInclude Include="archivers\SimpleArchiver.h" />
    <ClInclude Include="Config.h" />
    <ClInclude Include="ConfigParserCSV.h" />
    <ClInclude Include="Configurable.h" />
    <ClInclude Include="Genome.h" />
    <ClInclude Include="grids\DefaultGrid.h" />
    <ClInclude Include="grids\Grid.h" />
    <ClInclude Include="grids\SpatialGrid.h" />
    <ClInclude Include="Group.h" />
    <ClInclude Include="optimizer\LOD.h" />
    <ClInclude Include="optimizer\mutators\Mutator.h" />
    <ClInclude Include="optimizer\mutators\RandomMutator.h" />
    <ClInclude Include="optimizer\mutators\ThresholdMutator.h" />
    <ClInclude Include="optimizer\Optimizer.h" />
    <ClInclude Include="optimizer\repopulators\ProportionateRepopulator.h" />
    <ClInclude Include="optimizer\repopulators\RandomRepopulator.h" />
    <ClInclude Include="optimizer\repopulators\Repopulator.h" />
    <ClInclude Include="optimizer\repopulators\SpatialRepopulator.h" />
    <ClInclude Include="optimizer\selectors\EliteSelector.h" />
    <ClInclude Include="optimizer\selectors\RandomSelector.h" />
    <ClInclude Include="optimizer\selectors\Selector.h" />
    <ClInclude Include="Organism.h" />
    <ClInclude Include="payoffcalculators\DefaultPayoffCalculator.h" />
    <ClInclude Include="payoffcalculators\PayOffCalculator.h" />
    <ClInclude Include="random.h" />
    <ClInclude Include="World.h" />
    <ClInclude Include="grids\GridComponent.h" />
  </ItemGroup>
</Project>