<?xml version="1.0" encoding="utf-8"?>
<Project ToolsVersion="4.0" xmlns="http://schemas.microsoft.com/developer/msbuild/2003">
  <ItemGroup>
    <Filter Include="Quelldateien">
      <UniqueIdentifier>{4FC737F1-C7A5-4376-A066-2A32D752A2FF}</UniqueIdentifier>
      <Extensions>cpp;c;cc;cxx;def;odl;idl;hpj;bat;asm;asmx</Extensions>
    </Filter>
    <Filter Include="Headerdateien">
      <UniqueIdentifier>{93995380-89BD-4b04-88EB-625FBE52EBFB}</UniqueIdentifier>
      <Extensions>h;hh;hpp;hxx;hm;inl;inc;ipp;xsd</Extensions>
    </Filter>
    <Filter Include="Ressourcendateien">
      <UniqueIdentifier>{67DA6AB6-F800-4c08-8B7A-83BB121AAD01}</UniqueIdentifier>
      <Extensions>rc;ico;cur;bmp;dlg;rc2;rct;bin;rgs;gif;jpg;jpeg;jpe;resx;tiff;tif;png;wav;mfcribbon-ms</Extensions>
    </Filter>
  </ItemGroup>
  <ItemGroup>
    <ClCompile Include="main.cpp">
      <Filter>Quelldateien</Filter>
    </ClCompile>
    <ClCompile Include="Genome.cpp">
      <Filter>Quelldateien</Filter>
    </ClCompile>
    <ClCompile Include="Organism.cpp">
      <Filter>Quelldateien</Filter>
    </ClCompile>
    <ClCompile Include="World.cpp">
      <Filter>Quelldateien</Filter>
    </ClCompile>
    <ClCompile Include="Config.cpp">
      <Filter>Quelldateien</Filter>
    </ClCompile>
    <ClCompile Include="grids\Grid.cpp">
      <Filter>Quelldateien</Filter>
    </ClCompile>
    <ClCompile Include="grids\DefaultGrid.cpp">
      <Filter>Quelldateien</Filter>
    </ClCompile>
    <ClCompile Include="ConfigParserCSV.cpp">
      <Filter>Quelldateien</Filter>
    </ClCompile>
    <ClCompile Include="matchupgenerators\DefaultMatchupGenerator.cpp">
      <Filter>Quelldateien</Filter>
    </ClCompile>
    <ClCompile Include="matchupgenerators\MatchupGenerator.cpp">
      <Filter>Quelldateien</Filter>
    </ClCompile>
    <ClCompile Include="Group.cpp">
      <Filter>Quelldateien</Filter>
    </ClCompile>
    <ClCompile Include="payoffcalculators\PayOffCalculator.cpp">
      <Filter>Quelldateien</Filter>
    </ClCompile>
    <ClCompile Include="payoffcalculators\DefaultPayoffCalculator.cpp">
      <Filter>Quelldateien</Filter>
    </ClCompile>
    <ClCompile Include="optimizer\Optimizer.cpp">
      <Filter>Quelldateien</Filter>
    </ClCompile>
    <ClCompile Include="optimizer\selectors\RandomSelector.cpp">
      <Filter>Quelldateien</Filter>
    </ClCompile>
    <ClCompile Include="optimizer\selectors\Selector.cpp">
      <Filter>Quelldateien</Filter>
    </ClCompile>
    <ClCompile Include="optimizer\repopulators\Repopulator.cpp">
      <Filter>Quelldateien</Filter>
    </ClCompile>
    <ClCompile Include="optimizer\repopulators\ProportionateRepopulator.cpp">
      <Filter>Quelldateien</Filter>
    </ClCompile>
    <ClCompile Include="optimizer\mutators\RandomMutator.cpp">
      <Filter>Quelldateien</Filter>
    </ClCompile>
    <ClCompile Include="optimizer\mutators\Mutator.cpp">
      <Filter>Quelldateien</Filter>
    </ClCompile>
    <ClCompile Include="optimizer\LOD.cpp">
      <Filter>Quelldateien</Filter>
    </ClCompile>
  </ItemGroup>
  <ItemGroup>
    <ClInclude Include="Genome.h">
      <Filter>Headerdateien</Filter>
    </ClInclude>
    <ClInclude Include="Organism.h">
      <Filter>Headerdateien</Filter>
    </ClInclude>
    <ClInclude Include="World.h">
      <Filter>Headerdateien</Filter>
    </ClInclude>
    <ClInclude Include="random.h">
      <Filter>Headerdateien</Filter>
    </ClInclude>
    <ClInclude Include="Config.h">
      <Filter>Headerdateien</Filter>
    </ClInclude>
    <ClInclude Include="grids\Grid.h">
      <Filter>Headerdateien</Filter>
    </ClInclude>
    <ClInclude Include="grids\DefaultGrid.h">
      <Filter>Headerdateien</Filter>
    </ClInclude>
    <ClInclude Include="ConfigParserCSV.h">
      <Filter>Headerdateien</Filter>
    </ClInclude>
    <ClInclude Include="Configurable.h">
      <Filter>Headerdateien</Filter>
    </ClInclude>
    <ClInclude Include="matchupgenerators\DefaultMatchupGenerator.h">
      <Filter>Headerdateien</Filter>
    </ClInclude>
    <ClInclude Include="matchupgenerators\MatchupGenerator.h">
      <Filter>Headerdateien</Filter>
    </ClInclude>
    <ClInclude Include="Group.h">
      <Filter>Headerdateien</Filter>
    </ClInclude>
    <ClInclude Include="payoffcalculators\PayOffCalculator.h">
      <Filter>Headerdateien</Filter>
    </ClInclude>
    <ClInclude Include="payoffcalculators\DefaultPayoffCalculator.h">
      <Filter>Headerdateien</Filter>
    </ClInclude>
    <ClInclude Include="optimizer\Optimizer.h">
      <Filter>Headerdateien</Filter>
    </ClInclude>
    <ClInclude Include="optimizer\selectors\RandomSelector.h">
      <Filter>Headerdateien</Filter>
    </ClInclude>
    <ClInclude Include="optimizer\selectors\Selector.h">
      <Filter>Headerdateien</Filter>
    </ClInclude>
    <ClInclude Include="optimizer\repopulators\Repopulator.h">
      <Filter>Headerdateien</Filter>
    </ClInclude>
    <ClInclude Include="optimizer\repopulators\ProportionateRepopulator.h">
      <Filter>Headerdateien</Filter>
    </ClInclude>
    <ClInclude Include="optimizer\mutators\RandomMutator.h">
      <Filter>Headerdateien</Filter>
    </ClInclude>
    <ClInclude Include="optimizer\mutators\Mutator.h">
      <Filter>Headerdateien</Filter>
    </ClInclude>
    <ClInclude Include="optimizer\LOD.h">
      <Filter>Headerdateien</Filter>
    </ClInclude>
  </ItemGroup>
</Project>